
Microsoft Visual Studio Solution File, Format Version 12.00
# Visual Studio Version 16
VisualStudioVersion = 16.0.31205.134
MinimumVisualStudioVersion = 10.0.40219.1
Project("{9A19103F-16F7-4668-BE54-9A1E7A4F7556}") = "PlaylistApp", "PlaylistApp\PlaylistApp.csproj", "{83C6900F-00CC-4E3B-A2B1-782776E7A656}"
EndProject
Project("{9A19103F-16F7-4668-BE54-9A1E7A4F7556}") = "PlaylistWeb", "PlaylistWeb\PlaylistWeb.csproj", "{93F134AB-4DCD-418C-816B-BC05C8AF009A}"
EndProject
Project("{FAE04EC0-301F-11D3-BF4B-00C04F79EFBC}") = "PlaylistTests", "PlaylistTests\PlaylistTests.csproj", "{84A95E0A-EDC6-44B6-B777-DFA950600811}"
EndProject
Global
	GlobalSection(SolutionConfigurationPlatforms) = preSolution
		Debug|Any CPU = Debug|Any CPU
		Release|Any CPU = Release|Any CPU
	EndGlobalSection
	GlobalSection(ProjectConfigurationPlatforms) = postSolution
		{83C6900F-00CC-4E3B-A2B1-782776E7A656}.Debug|Any CPU.ActiveCfg = Debug|Any CPU
		{83C6900F-00CC-4E3B-A2B1-782776E7A656}.Debug|Any CPU.Build.0 = Debug|Any CPU
		{83C6900F-00CC-4E3B-A2B1-782776E7A656}.Release|Any CPU.ActiveCfg = Release|Any CPU
		{83C6900F-00CC-4E3B-A2B1-782776E7A656}.Release|Any CPU.Build.0 = Release|Any CPU
		{93F134AB-4DCD-418C-816B-BC05C8AF009A}.Debug|Any CPU.ActiveCfg = Debug|Any CPU
		{93F134AB-4DCD-418C-816B-BC05C8AF009A}.Debug|Any CPU.Build.0 = Debug|Any CPU
		{93F134AB-4DCD-418C-816B-BC05C8AF009A}.Release|Any CPU.ActiveCfg = Release|Any CPU
		{93F134AB-4DCD-418C-816B-BC05C8AF009A}.Release|Any CPU.Build.0 = Release|Any CPU
		{84A95E0A-EDC6-44B6-B777-DFA950600811}.Debug|Any CPU.ActiveCfg = Debug|Any CPU
		{84A95E0A-EDC6-44B6-B777-DFA950600811}.Debug|Any CPU.Build.0 = Debug|Any CPU
		{84A95E0A-EDC6-44B6-B777-DFA950600811}.Release|Any CPU.ActiveCfg = Release|Any CPU
		{84A95E0A-EDC6-44B6-B777-DFA950600811}.Release|Any CPU.Build.0 = Release|Any CPU
	EndGlobalSection
	GlobalSection(SolutionProperties) = preSolution
		HideSolutionNode = FALSE
	EndGlobalSection
	GlobalSection(ExtensibilityGlobals) = postSolution
		SolutionGuid = {77C5F822-6C1E-4C0F-AE0C-1867697D0CD1}
	EndGlobalSection
EndGlobal
